
Microsoft Visual Studio Solution File, Format Version 12.00
# Visual Studio Version 16
VisualStudioVersion = 16.0.31105.61
MinimumVisualStudioVersion = 10.0.40219.1
Project("{9A19103F-16F7-4668-BE54-9A1E7A4F7556}") = "HangFire.NetCore.Sample", "HangFire.NetCore.Sample.csproj", "{C021278D-A9FB-4C36-94AF-9EA310CA4EB3}"
EndProject
Global
	GlobalSection(SolutionConfigurationPlatforms) = preSolution
		Debug|Any CPU = Debug|Any CPU
		Release|Any CPU = Release|Any CPU
	EndGlobalSection
	GlobalSection(ProjectConfigurationPlatforms) = postSolution
		{C021278D-A9FB-4C36-94AF-9EA310CA4EB3}.Debug|Any CPU.ActiveCfg = Debug|Any CPU
		{C021278D-A9FB-4C36-94AF-9EA310CA4EB3}.Debug|Any CPU.Build.0 = Debug|Any CPU
		{C021278D-A9FB-4C36-94AF-9EA310CA4EB3}.Release|Any CPU.ActiveCfg = Release|Any CPU
		{C021278D-A9FB-4C36-94AF-9EA310CA4EB3}.Release|Any CPU.Build.0 = Release|Any CPU
	EndGlobalSection
	GlobalSection(SolutionProperties) = preSolution
		HideSolutionNode = FALSE
	EndGlobalSection
	GlobalSection(ExtensibilityGlobals) = postSolution
		SolutionGuid = {C56E7F5B-9B64-4593-B1AC-DDEA2797E89A}
	EndGlobalSection
EndGlobal
